// !$*UTF8*$!
{
	archiveVersion = 1;
	classes = {
	};
	objectVersion = 46;
	objects = {

/* Begin PBXBuildFile section */
		29BBFBA91E7C4F1800577C4A /* AppDelegate.swift in Sources */ = {isa = PBXBuildFile; fileRef = 29BBFBA81E7C4F1800577C4A /* AppDelegate.swift */; };
		29BBFBAB1E7C4F1800577C4A /* ViewController.swift in Sources */ = {isa = PBXBuildFile; fileRef = 29BBFBAA1E7C4F1800577C4A /* ViewController.swift */; };
		29BBFBAE1E7C4F1800577C4A /* Main.storyboard in Resources */ = {isa = PBXBuildFile; fileRef = 29BBFBAC1E7C4F1800577C4A /* Main.storyboard */; };
		29BBFBB01E7C4F1800577C4A /* Assets.xcassets in Resources */ = {isa = PBXBuildFile; fileRef = 29BBFBAF1E7C4F1800577C4A /* Assets.xcassets */; };
		29BBFBB31E7C4F1800577C4A /* LaunchScreen.storyboard in Resources */ = {isa = PBXBuildFile; fileRef = 29BBFBB11E7C4F1800577C4A /* LaunchScreen.storyboard */; };
		29BBFBBE1E7C4F1800577C4A /* TestIOSCITests.swift in Sources */ = {isa = PBXBuildFile; fileRef = 29BBFBBD1E7C4F1800577C4A /* TestIOSCITests.swift */; };
/* End PBXBuildFile section */

/* Begin PBXContainerItemProxy section */
		29BBFBBA1E7C4F1800577C4A /* PBXContainerItemProxy */ = {
			isa = PBXContainerItemProxy;
			containerPortal = 29BBFB9D1E7C4F1700577C4A /* Project object */;
			proxyType = 1;
			remoteGlobalIDString = 29BBFBA41E7C4F1700577C4A;
			remoteInfo = TestIOSCI;
		};
/* End PBXContainerItemProxy section */

/* Begin PBXFileReference section */
		29BBFBA51E7C4F1800577C4A /* TestIOSCI.app */ = {isa = PBXFileReference; explicitFileType = wrapper.application; includeInIndex = 0; path = TestIOSCI.app; sourceTree = BUILT_PRODUCTS_DIR; };
		29BBFBA81E7C4F1800577C4A /* AppDelegate.swift */ = {isa = PBXFileReference; lastKnownFileType = sourcecode.swift; path = AppDelegate.swift; sourceTree = "<group>"; };
		29BBFBAA1E7C4F1800577C4A /* ViewController.swift */ = {isa = PBXFileReference; lastKnownFileType = sourcecode.swift; path = ViewController.swift; sourceTree = "<group>"; };
		29BBFBAD1E7C4F1800577C4A /* Base */ = {isa = PBXFileReference; lastKnownFileType = file.storyboard; name = Base; path = Base.lproj/Main.storyboard; sourceTree = "<group>"; };
		29BBFBAF1E7C4F1800577C4A /* Assets.xcassets */ = {isa = PBXFileReference; lastKnownFileType = folder.assetcatalog; path = Assets.xcassets; sourceTree = "<group>"; };
		29BBFBB21E7C4F1800577C4A /* Base */ = {isa = PBXFileReference; lastKnownFileType = file.storyboard; name = Base; path = Base.lproj/LaunchScreen.storyboard; sourceTree = "<group>"; };
		29BBFBB41E7C4F1800577C4A /* Info.plist */ = {isa = PBXFileReference; lastKnownFileType = text.plist.xml; path = Info.plist; sourceTree = "<group>"; };
		29BBFBB91E7C4F1800577C4A /* TestIOSCITests.xctest */ = {isa = PBXFileReference; explicitFileType = wrapper.cfbundle; includeInIndex = 0; path = TestIOSCITests.xctest; sourceTree = BUILT_PRODUCTS_DIR; };
		29BBFBBD1E7C4F1800577C4A /* TestIOSCITests.swift */ = {isa = PBXFileReference; lastKnownFileType = sourcecode.swift; path = TestIOSCITests.swift; sourceTree = "<group>"; };
		29BBFBBF1E7C4F1800577C4A /* Info.plist */ = {isa = PBXFileReference; lastKnownFileType = text.plist.xml; path = Info.plist; sourceTree = "<group>"; };
/* End PBXFileReference section */

/* Begin PBXFrameworksBuildPhase section */
		29BBFBA21E7C4F1700577C4A /* Frameworks */ = {
			isa = PBXFrameworksBuildPhase;
			buildActionMask = 2147483647;
			files = (
			);
			runOnlyForDeploymentPostprocessing = 0;
		};
		29BBFBB61E7C4F1800577C4A /* Frameworks */ = {
			isa = PBXFrameworksBuildPhase;
			buildActionMask = 2147483647;
			files = (
			);
			runOnlyForDeploymentPostprocessing = 0;
		};
/* End PBXFrameworksBuildPhase section */

/* Begin PBXGroup section */
		29BBFB9C1E7C4F1700577C4A = {
			isa = PBXGroup;
			children = (
				29BBFBA71E7C4F1800577C4A /* TestIOSCI */,
				29BBFBBC1E7C4F1800577C4A /* TestIOSCITests */,
				29BBFBA61E7C4F1800577C4A /* Products */,
			);
			sourceTree = "<group>";
		};
		29BBFBA61E7C4F1800577C4A /* Products */ = {
			isa = PBXGroup;
			children = (
				29BBFBA51E7C4F1800577C4A /* TestIOSCI.app */,
				29BBFBB91E7C4F1800577C4A /* TestIOSCITests.xctest */,
			);
			name = Products;
			sourceTree = "<group>";
		};
		29BBFBA71E7C4F1800577C4A /* TestIOSCI */ = {
			isa = PBXGroup;
			children = (
				29BBFBA81E7C4F1800577C4A /* AppDelegate.swift */,
				29BBFBAA1E7C4F1800577C4A /* ViewController.swift */,
				29BBFBAC1E7C4F1800577C4A /* Main.storyboard */,
				29BBFBAF1E7C4F1800577C4A /* Assets.xcassets */,
				29BBFBB11E7C4F1800577C4A /* LaunchScreen.storyboard */,
				29BBFBB41E7C4F1800577C4A /* Info.plist */,
			);
			path = TestIOSCI;
			sourceTree = "<group>";
		};
		29BBFBBC1E7C4F1800577C4A /* TestIOSCITests */ = {
			isa = PBXGroup;
			children = (
				29BBFBBD1E7C4F1800577C4A /* TestIOSCITests.swift */,
				29BBFBBF1E7C4F1800577C4A /* Info.plist */,
			);
			path = TestIOSCITests;
			sourceTree = "<group>";
		};
/* End PBXGroup section */

/* Begin PBXNativeTarget section */
		29BBFBA41E7C4F1700577C4A /* TestIOSCI */ = {
			isa = PBXNativeTarget;
			buildConfigurationList = 29BBFBC21E7C4F1800577C4A /* Build configuration list for PBXNativeTarget "TestIOSCI" */;
			buildPhases = (
				29BBFBA11E7C4F1700577C4A /* Sources */,
				29BBFBA21E7C4F1700577C4A /* Frameworks */,
				29BBFBA31E7C4F1700577C4A /* Resources */,
			);
			buildRules = (
			);
			dependencies = (
			);
			name = TestIOSCI;
			productName = TestIOSCI;
			productReference = 29BBFBA51E7C4F1800577C4A /* TestIOSCI.app */;
			productType = "com.apple.product-type.application";
		};
		29BBFBB81E7C4F1800577C4A /* TestIOSCITests */ = {
			isa = PBXNativeTarget;
			buildConfigurationList = 29BBFBC51E7C4F1800577C4A /* Build configuration list for PBXNativeTarget "TestIOSCITests" */;
			buildPhases = (
				29BBFBB51E7C4F1800577C4A /* Sources */,
				29BBFBB61E7C4F1800577C4A /* Frameworks */,
				29BBFBB71E7C4F1800577C4A /* Resources */,
			);
			buildRules = (
			);
			dependencies = (
				29BBFBBB1E7C4F1800577C4A /* PBXTargetDependency */,
			);
			name = TestIOSCITests;
			productName = TestIOSCITests;
			productReference = 29BBFBB91E7C4F1800577C4A /* TestIOSCITests.xctest */;
			productType = "com.apple.product-type.bundle.unit-test";
		};
/* End PBXNativeTarget section */

/* Begin PBXProject section */
		29BBFB9D1E7C4F1700577C4A /* Project object */ = {
			isa = PBXProject;
			attributes = {
				LastSwiftUpdateCheck = 0820;
				LastUpgradeCheck = 0820;
				ORGANIZATIONNAME = shiyuwudi;
				TargetAttributes = {
					29BBFBA41E7C4F1700577C4A = {
						CreatedOnToolsVersion = 8.2.1;
						DevelopmentTeam = D6YW9AKQXT;
						ProvisioningStyle = Automatic;
					};
					29BBFBB81E7C4F1800577C4A = {
						CreatedOnToolsVersion = 8.2.1;
						DevelopmentTeam = D6YW9AKQXT;
						ProvisioningStyle = Automatic;
						TestTargetID = 29BBFBA41E7C4F1700577C4A;
					};
				};
			};
			buildConfigurationList = 29BBFBA01E7C4F1700577C4A /* Build configuration list for PBXProject "TestIOSCI" */;
			compatibilityVersion = "Xcode 3.2";
			developmentRegion = English;
			hasScannedForEncodings = 0;
			knownRegions = (
				en,
				Base,
			);
			mainGroup = 29BBFB9C1E7C4F1700577C4A;
			productRefGroup = 29BBFBA61E7C4F1800577C4A /* Products */;
			projectDirPath = "";
			projectRoot = "";
			targets = (
				29BBFBA41E7C4F1700577C4A /* TestIOSCI */,
				29BBFBB81E7C4F1800577C4A /* TestIOSCITests */,
			);
		};
/* End PBXProject section */

/* Begin PBXResourcesBuildPhase section */
		29BBFBA31E7C4F1700577C4A /* Resources */ = {
			isa = PBXResourcesBuildPhase;
			buildActionMask = 2147483647;
			files = (
				29BBFBB31E7C4F1800577C4A /* LaunchScreen.storyboard in Resources */,
				29BBFBB01E7C4F1800577C4A /* Assets.xcassets in Resources */,
				29BBFBAE1E7C4F1800577C4A /* Main.storyboard in Resources */,
			);
			runOnlyForDeploymentPostprocessing = 0;
		};
		29BBFBB71E7C4F1800577C4A /* Resources */ = {
			isa = PBXResourcesBuildPhase;
			buildActionMask = 2147483647;
			files = (
			);
			runOnlyForDeploymentPostprocessing = 0;
		};
/* End PBXResourcesBuildPhase section */

/* Begin PBXSourcesBuildPhase section */
		29BBFBA11E7C4F1700577C4A /* Sources */ = {
			isa = PBXSourcesBuildPhase;
			buildActionMask = 2147483647;
			files = (
				29BBFBAB1E7C4F1800577C4A /* ViewController.swift in Sources */,
				29BBFBA91E7C4F1800577C4A /* AppDelegate.swift in Sources */,
			);
			runOnlyForDeploymentPostprocessing = 0;
		};
		29BBFBB51E7C4F1800577C4A /* Sources */ = {
			isa = PBXSourcesBuildPhase;
			buildActionMask = 2147483647;
			files = (
				29BBFBBE1E7C4F1800577C4A /* TestIOSCITests.swift in Sources */,
			);
			runOnlyForDeploymentPostprocessing = 0;
		};
/* End PBXSourcesBuildPhase section */

/* Begin PBXTargetDependency section */
		29BBFBBB1E7C4F1800577C4A /* PBXTargetDependency */ = {
			isa = PBXTargetDependency;
			target = 29BBFBA41E7C4F1700577C4A /* TestIOSCI */;
			targetProxy = 29BBFBBA1E7C4F1800577C4A /* PBXContainerItemProxy */;
		};
/* End PBXTargetDependency section */

/* Begin PBXVariantGroup section */
		29BBFBAC1E7C4F1800577C4A /* Main.storyboard */ = {
			isa = PBXVariantGroup;
			children = (
				29BBFBAD1E7C4F1800577C4A /* Base */,
			);
			name = Main.storyboard;
			sourceTree = "<group>";
		};
		29BBFBB11E7C4F1800577C4A /* LaunchScreen.storyboard */ = {
			isa = PBXVariantGroup;
			children = (
				29BBFBB21E7C4F1800577C4A /* Base */,
			);
			name = LaunchScreen.storyboard;
			sourceTree = "<group>";
		};
/* End PBXVariantGroup section */

/* Begin XCBuildConfiguration section */
		29BBFBC01E7C4F1800577C4A /* Debug */ = {
			isa = XCBuildConfiguration;
			buildSettings = {
				ALWAYS_SEARCH_USER_PATHS = NO;
				CLANG_ANALYZER_NONNULL = YES;
				CLANG_CXX_LANGUAGE_STANDARD = "gnu++0x";
				CLANG_CXX_LIBRARY = "libc++";
				CLANG_ENABLE_MODULES = YES;
				CLANG_ENABLE_OBJC_ARC = YES;
				CLANG_WARN_BOOL_CONVERSION = YES;
				CLANG_WARN_CONSTANT_CONVERSION = YES;
				CLANG_WARN_DIRECT_OBJC_ISA_USAGE = YES_ERROR;
				CLANG_WARN_DOCUMENTATION_COMMENTS = YES;
				CLANG_WARN_EMPTY_BODY = YES;
				CLANG_WARN_ENUM_CONVERSION = YES;
				CLANG_WARN_INFINITE_RECURSION = YES;
				CLANG_WARN_INT_CONVERSION = YES;
				CLANG_WARN_OBJC_ROOT_CLASS = YES_ERROR;
				CLANG_WARN_SUSPICIOUS_MOVE = YES;
				CLANG_WARN_UNREACHABLE_CODE = YES;
				CLANG_WARN__DUPLICATE_METHOD_MATCH = YES;
				"CODE_SIGN_IDENTITY[sdk=iphoneos*]" = "iPhone Developer";
				COPY_PHASE_STRIP = NO;
				DEBUG_INFORMATION_FORMAT = dwarf;
				ENABLE_STRICT_OBJC_MSGSEND = YES;
				ENABLE_TESTABILITY = YES;
				GCC_C_LANGUAGE_STANDARD = gnu99;
				GCC_DYNAMIC_NO_PIC = NO;
				GCC_NO_COMMON_BLOCKS = YES;
				GCC_OPTIMIZATION_LEVEL = 0;
				GCC_PREPROCESSOR_DEFINITIONS = (
					"DEBUG=1",
					"$(inherited)",
				);
				GCC_WARN_64_TO_32_BIT_CONVERSION = YES;
				GCC_WARN_ABOUT_RETURN_TYPE = YES_ERROR;
				GCC_WARN_UNDECLARED_SELECTOR = YES;
				GCC_WARN_UNINITIALIZED_AUTOS = YES_AGGRESSIVE;
				GCC_WARN_UNUSED_FUNCTION = YES;
				GCC_WARN_UNUSED_VARIABLE = YES;
				IPHONEOS_DEPLOYMENT_TARGET = 10.2;
				MTL_ENABLE_DEBUG_INFO = YES;
				ONLY_ACTIVE_ARCH = YES;
				SDKROOT = iphoneos;
				SWIFT_ACTIVE_COMPILATION_CONDITIONS = DEBUG;
				SWIFT_OPTIMIZATION_LEVEL = "-Onone";
			};
			name = Debug;
		};
		29BBFBC11E7C4F1800577C4A /* Release */ = {
			isa = XCBuildConfiguration;
			buildSettings = {
				ALWAYS_SEARCH_USER_PATHS = NO;
				CLANG_ANALYZER_NONNULL = YES;
				CLANG_CXX_LANGUAGE_STANDARD = "gnu++0x";
				CLANG_CXX_LIBRARY = "libc++";
				CLANG_ENABLE_MODULES = YES;
				CLANG_ENABLE_OBJC_ARC = YES;
				CLANG_WARN_BOOL_CONVERSION = YES;
				CLANG_WARN_CONSTANT_CONVERSION = YES;
				CLANG_WARN_DIRECT_OBJC_ISA_USAGE = YES_ERROR;
				CLANG_WARN_DOCUMENTATION_COMMENTS = YES;
				CLANG_WARN_EMPTY_BODY = YES;
				CLANG_WARN_ENUM_CONVERSION = YES;
				CLANG_WARN_INFINITE_RECURSION = YES;
				CLANG_WARN_INT_CONVERSION = YES;
				CLANG_WARN_OBJC_ROOT_CLASS = YES_ERROR;
				CLANG_WARN_SUSPICIOUS_MOVE = YES;
				CLANG_WARN_UNREACHABLE_CODE = YES;
				CLANG_WARN__DUPLICATE_METHOD_MATCH = YES;
				"CODE_SIGN_IDENTITY[sdk=iphoneos*]" = "iPhone Developer";
				COPY_PHASE_STRIP = NO;
				DEBUG_INFORMATION_FORMAT = "dwarf-with-dsym";
				ENABLE_NS_ASSERTIONS = NO;
				ENABLE_STRICT_OBJC_MSGSEND = YES;
				GCC_C_LANGUAGE_STANDARD = gnu99;
				GCC_NO_COMMON_BLOCKS = YES;
				GCC_WARN_64_TO_32_BIT_CONVERSION = YES;
				GCC_WARN_ABOUT_RETURN_TYPE = YES_ERROR;
				GCC_WARN_UNDECLARED_SELECTOR = YES;
				GCC_WARN_UNINITIALIZED_AUTOS = YES_AGGRESSIVE;
				GCC_WARN_UNUSED_FUNCTION = YES;
				GCC_WARN_UNUSED_VARIABLE = YES;
				IPHONEOS_DEPLOYMENT_TARGET = 10.2;
				MTL_ENABLE_DEBUG_INFO = NO;
				SDKROOT = iphoneos;
				SWIFT_OPTIMIZATION_LEVEL = "-Owholemodule";
				VALIDATE_PRODUCT = YES;
			};
			name = Release;
		};
		29BBFBC31E7C4F1800577C4A /* Debug */ = {
			isa = XCBuildConfiguration;
			buildSettings = {
				ASSETCATALOG_COMPILER_APPICON_NAME = AppIcon;
				DEVELOPMENT_TEAM = D6YW9AKQXT;
				INFOPLIST_FILE = TestIOSCI/Info.plist;
				LD_RUNPATH_SEARCH_PATHS = "$(inherited) @executable_path/Frameworks";
				PRODUCT_BUNDLE_IDENTIFIER = com.shiyuwudi.TestIOSCI;
				PRODUCT_NAME = "$(TARGET_NAME)";
				SWIFT_VERSION = 3.0;
			};
			name = Debug;
		};
		29BBFBC41E7C4F1800577C4A /* Release */ = {
			isa = XCBuildConfiguration;
			buildSettings = {
				ASSETCATALOG_COMPILER_APPICON_NAME = AppIcon;
				DEVELOPMENT_TEAM = D6YW9AKQXT;
				INFOPLIST_FILE = TestIOSCI/Info.plist;
				LD_RUNPATH_SEARCH_PATHS = "$(inherited) @executable_path/Frameworks";
				PRODUCT_BUNDLE_IDENTIFIER = com.shiyuwudi.TestIOSCI;
				PRODUCT_NAME = "$(TARGET_NAME)";
				SWIFT_VERSION = 3.0;
			};
			name = Release;
		};
		29BBFBC61E7C4F1800577C4A /* Debug */ = {
			isa = XCBuildConfiguration;
			buildSettings = {
				ALWAYS_EMBED_SWIFT_STANDARD_LIBRARIES = YES;
				BUNDLE_LOADER = "$(TEST_HOST)";
				DEVELOPMENT_TEAM = D6YW9AKQXT;
				INFOPLIST_FILE = TestIOSCITests/Info.plist;
				LD_RUNPATH_SEARCH_PATHS = "$(inherited) @executable_path/Frameworks @loader_path/Frameworks";
				PRODUCT_BUNDLE_IDENTIFIER = com.shiyuwudi.TestIOSCITests;
				PRODUCT_NAME = "$(TARGET_NAME)";
				SWIFT_VERSION = 3.0;
				TEST_HOST = "$(BUILT_PRODUCTS_DIR)/TestIOSCI.app/TestIOSCI";
			};
			name = Debug;
		};
		29BBFBC71E7C4F1800577C4A /* Release */ = {
			isa = XCBuildConfiguration;
			buildSettings = {
				ALWAYS_EMBED_SWIFT_STANDARD_LIBRARIES = YES;
				BUNDLE_LOADER = "$(TEST_HOST)";
				DEVELOPMENT_TEAM = D6YW9AKQXT;
				INFOPLIST_FILE = TestIOSCITests/Info.plist;
				LD_RUNPATH_SEARCH_PATHS = "$(inherited) @executable_path/Frameworks @loader_path/Frameworks";
				PRODUCT_BUNDLE_IDENTIFIER = com.shiyuwudi.TestIOSCITests;
				PRODUCT_NAME = "$(TARGET_NAME)";
				SWIFT_VERSION = 3.0;
				TEST_HOST = "$(BUILT_PRODUCTS_DIR)/TestIOSCI.app/TestIOSCI";
			};
			name = Release;
		};
/* End XCBuildConfiguration section */

/* Begin XCConfigurationList section */
		29BBFBA01E7C4F1700577C4A /* Build configuration list for PBXProject "TestIOSCI" */ = {
			isa = XCConfigurationList;
			buildConfigurations = (
				29BBFBC01E7C4F1800577C4A /* Debug */,
				29BBFBC11E7C4F1800577C4A /* Release */,
			);
			defaultConfigurationIsVisible = 0;
			defaultConfigurationName = Release;
		};
		29BBFBC21E7C4F1800577C4A /* Build configuration list for PBXNativeTarget "TestIOSCI" */ = {
			isa = XCConfigurationList;
			buildConfigurations = (
				29BBFBC31E7C4F1800577C4A /* Debug */,
				29BBFBC41E7C4F1800577C4A /* Release */,
			);
			defaultConfigurationIsVisible = 0;
		};
		29BBFBC51E7C4F1800577C4A /* Build configuration list for PBXNativeTarget "TestIOSCITests" */ = {
			isa = XCConfigurationList;
			buildConfigurations = (
				29BBFBC61E7C4F1800577C4A /* Debug */,
				29BBFBC71E7C4F1800577C4A /* Release */,
			);
			defaultConfigurationIsVisible = 0;
		};
/* End XCConfigurationList section */
	};
	rootObject = 29BBFB9D1E7C4F1700577C4A /* Project object */;
}
